
Microsoft Visual Studio Solution File, Format Version 12.00
# Visual Studio Version 16
VisualStudioVersion = 16.0.29519.181
MinimumVisualStudioVersion = 10.0.40219.1
Project("{9A19103F-16F7-4668-BE54-9A1E7A4F7556}") = "IdentServer", "IdentServer\IdentServer.csproj", "{F9B27A92-68B8-4007-A9EE-835E23131FE7}"
EndProject
Project("{9A19103F-16F7-4668-BE54-9A1E7A4F7556}") = "ApiOne", "ApiOne\ApiOne.csproj", "{CCF0FAA4-95D4-401A-A684-8F476CC9C08B}"
EndProject
Project("{9A19103F-16F7-4668-BE54-9A1E7A4F7556}") = "ApiClient", "ApiClient\ApiClient.csproj", "{1515E127-DC48-4C19-82C6-9D5AE5FB0CF2}"
EndProject
Project("{9A19103F-16F7-4668-BE54-9A1E7A4F7556}") = "MvcClient", "MvcClient\MvcClient.csproj", "{22E13B17-8353-47D9-9424-BDC31E2C78BC}"
EndProject
Project("{9A19103F-16F7-4668-BE54-9A1E7A4F7556}") = "JavaScriptClient", "JavaScriptClient\JavaScriptClient.csproj", "{4665C69F-BA96-49B5-8F80-26610A7ED028}"
EndProject
Project("{FAE04EC0-301F-11D3-BF4B-00C04F79EFBC}") = "ReactClient", "ReactClient\ReactClient.csproj", "{CF1C4619-162B-4D4F-B0FE-7B327FD2EC96}"
EndProject
Global
	GlobalSection(SolutionConfigurationPlatforms) = preSolution
		Debug|Any CPU = Debug|Any CPU
		Release|Any CPU = Release|Any CPU
	EndGlobalSection
	GlobalSection(ProjectConfigurationPlatforms) = postSolution
		{F9B27A92-68B8-4007-A9EE-835E23131FE7}.Debug|Any CPU.ActiveCfg = Debug|Any CPU
		{F9B27A92-68B8-4007-A9EE-835E23131FE7}.Debug|Any CPU.Build.0 = Debug|Any CPU
		{F9B27A92-68B8-4007-A9EE-835E23131FE7}.Release|Any CPU.ActiveCfg = Release|Any CPU
		{F9B27A92-68B8-4007-A9EE-835E23131FE7}.Release|Any CPU.Build.0 = Release|Any CPU
		{CCF0FAA4-95D4-401A-A684-8F476CC9C08B}.Debug|Any CPU.ActiveCfg = Debug|Any CPU
		{CCF0FAA4-95D4-401A-A684-8F476CC9C08B}.Debug|Any CPU.Build.0 = Debug|Any CPU
		{CCF0FAA4-95D4-401A-A684-8F476CC9C08B}.Release|Any CPU.ActiveCfg = Release|Any CPU
		{CCF0FAA4-95D4-401A-A684-8F476CC9C08B}.Release|Any CPU.Build.0 = Release|Any CPU
		{1515E127-DC48-4C19-82C6-9D5AE5FB0CF2}.Debug|Any CPU.ActiveCfg = Debug|Any CPU
		{1515E127-DC48-4C19-82C6-9D5AE5FB0CF2}.Debug|Any CPU.Build.0 = Debug|Any CPU
		{1515E127-DC48-4C19-82C6-9D5AE5FB0CF2}.Release|Any CPU.ActiveCfg = Release|Any CPU
		{1515E127-DC48-4C19-82C6-9D5AE5FB0CF2}.Release|Any CPU.Build.0 = Release|Any CPU
		{22E13B17-8353-47D9-9424-BDC31E2C78BC}.Debug|Any CPU.ActiveCfg = Debug|Any CPU
		{22E13B17-8353-47D9-9424-BDC31E2C78BC}.Debug|Any CPU.Build.0 = Debug|Any CPU
		{22E13B17-8353-47D9-9424-BDC31E2C78BC}.Release|Any CPU.ActiveCfg = Release|Any CPU
		{22E13B17-8353-47D9-9424-BDC31E2C78BC}.Release|Any CPU.Build.0 = Release|Any CPU
		{4665C69F-BA96-49B5-8F80-26610A7ED028}.Debug|Any CPU.ActiveCfg = Debug|Any CPU
		{4665C69F-BA96-49B5-8F80-26610A7ED028}.Debug|Any CPU.Build.0 = Debug|Any CPU
		{4665C69F-BA96-49B5-8F80-26610A7ED028}.Release|Any CPU.ActiveCfg = Release|Any CPU
		{4665C69F-BA96-49B5-8F80-26610A7ED028}.Release|Any CPU.Build.0 = Release|Any CPU
		{CF1C4619-162B-4D4F-B0FE-7B327FD2EC96}.Debug|Any CPU.ActiveCfg = Debug|Any CPU
		{CF1C4619-162B-4D4F-B0FE-7B327FD2EC96}.Debug|Any CPU.Build.0 = Debug|Any CPU
		{CF1C4619-162B-4D4F-B0FE-7B327FD2EC96}.Release|Any CPU.ActiveCfg = Release|Any CPU
		{CF1C4619-162B-4D4F-B0FE-7B327FD2EC96}.Release|Any CPU.Build.0 = Release|Any CPU
	EndGlobalSection
	GlobalSection(SolutionProperties) = preSolution
		HideSolutionNode = FALSE
	EndGlobalSection
	GlobalSection(ExtensibilityGlobals) = postSolution
		SolutionGuid = {872A2501-A831-45BA-B0E0-A5A37C2CB122}
	EndGlobalSection
EndGlobal
